
Microsoft Visual Studio Solution File, Format Version 12.00
# Visual Studio Version 17
VisualStudioVersion = 17.9.34728.123
MinimumVisualStudioVersion = 10.0.40219.1
Project("{9A19103F-16F7-4668-BE54-9A1E7A4F7556}") = "ProyectoFinal", "ProyectoFinal.csproj", "{7B0E8EC5-FD02-44FC-BD62-21C2DEF738EB}"
EndProject
Project("{FAE04EC0-301F-11D3-BF4B-00C04F79EFBC}") = "TestProyecto", "..\TestProyecto\TestProyecto.csproj", "{39C4A6A3-219C-4F1D-8840-36D2CB373C93}"
EndProject
Global
	GlobalSection(SolutionConfigurationPlatforms) = preSolution
		Debug|Any CPU = Debug|Any CPU
		Release|Any CPU = Release|Any CPU
	EndGlobalSection
	GlobalSection(ProjectConfigurationPlatforms) = postSolution
		{7B0E8EC5-FD02-44FC-BD62-21C2DEF738EB}.Debug|Any CPU.ActiveCfg = Debug|Any CPU
		{7B0E8EC5-FD02-44FC-BD62-21C2DEF738EB}.Debug|Any CPU.Build.0 = Debug|Any CPU
		{7B0E8EC5-FD02-44FC-BD62-21C2DEF738EB}.Debug|Any CPU.Deploy.0 = Debug|Any CPU
		{7B0E8EC5-FD02-44FC-BD62-21C2DEF738EB}.Release|Any CPU.ActiveCfg = Release|Any CPU
		{7B0E8EC5-FD02-44FC-BD62-21C2DEF738EB}.Release|Any CPU.Build.0 = Release|Any CPU
		{7B0E8EC5-FD02-44FC-BD62-21C2DEF738EB}.Release|Any CPU.Deploy.0 = Release|Any CPU
		{39C4A6A3-219C-4F1D-8840-36D2CB373C93}.Debug|Any CPU.ActiveCfg = Debug|Any CPU
		{39C4A6A3-219C-4F1D-8840-36D2CB373C93}.Debug|Any CPU.Build.0 = Debug|Any CPU
		{39C4A6A3-219C-4F1D-8840-36D2CB373C93}.Release|Any CPU.ActiveCfg = Release|Any CPU
		{39C4A6A3-219C-4F1D-8840-36D2CB373C93}.Release|Any CPU.Build.0 = Release|Any CPU
	EndGlobalSection
	GlobalSection(SolutionProperties) = preSolution
		HideSolutionNode = FALSE
	EndGlobalSection
	GlobalSection(ExtensibilityGlobals) = postSolution
		SolutionGuid = {E4B75211-E540-4C37-BC44-A7D3B4788F0B}
	EndGlobalSection
EndGlobal
